
Microsoft Visual Studio Solution File, Format Version 12.00
# Visual Studio Version 17
VisualStudioVersion = 17.5.33530.505
MinimumVisualStudioVersion = 10.0.40219.1
Project("{9A19103F-16F7-4668-BE54-9A1E7A4F7556}") = "PersonalSite", "PersonalSite\PersonalSite.csproj", "{20B874DE-957D-4C87-89CD-7B3CC2D617D6}"
EndProject
Global
	GlobalSection(SolutionConfigurationPlatforms) = preSolution
		Debug|Any CPU = Debug|Any CPU
		Release|Any CPU = Release|Any CPU
	EndGlobalSection
	GlobalSection(ProjectConfigurationPlatforms) = postSolution
		{20B874DE-957D-4C87-89CD-7B3CC2D617D6}.Debug|Any CPU.ActiveCfg = Debug|Any CPU
		{20B874DE-957D-4C87-89CD-7B3CC2D617D6}.Debug|Any CPU.Build.0 = Debug|Any CPU
		{20B874DE-957D-4C87-89CD-7B3CC2D617D6}.Release|Any CPU.ActiveCfg = Release|Any CPU
		{20B874DE-957D-4C87-89CD-7B3CC2D617D6}.Release|Any CPU.Build.0 = Release|Any CPU
	EndGlobalSection
	GlobalSection(SolutionProperties) = preSolution
		HideSolutionNode = FALSE
	EndGlobalSection
	GlobalSection(ExtensibilityGlobals) = postSolution
		SolutionGuid = {8DE452BE-B5F5-4C19-9F98-479ED3027C77}
	EndGlobalSection
EndGlobal
